Microsoft Visual Studio Solution File, Format Version 11.00
# Visual Studio 2008

Project("{A4EAB9CC-024F-CF19-E19A-10096CD665D4}") = "FirstUnityProject", "Assembly-CSharp-firstpass.csproj", "{CE7A465B-0DDF-7C44-1756-767BC91044DD}"
EndProject
Project("{A4EAB9CC-024F-CF19-E19A-10096CD665D4}") = "FirstUnityProject", "Assembly-CSharp-Editor.csproj", "{67533EBD-E8E3-805D-E231-A4DDED9C28E3}"
EndProject
Global
	GlobalSection(SolutionConfigurationPlatforms) = preSolution
		Debug|Any CPU = Debug|Any CPU
		Release|Any CPU = Release|Any CPU
	EndGlobalSection
	GlobalSection(ProjectConfigurationPlatforms) = postSolution
		{CE7A465B-0DDF-7C44-1756-767BC91044DD}.Debug|Any CPU.ActiveCfg = Debug|Any CPU
		{CE7A465B-0DDF-7C44-1756-767BC91044DD}.Debug|Any CPU.Build.0 = Debug|Any CPU
		{CE7A465B-0DDF-7C44-1756-767BC91044DD}.Release|Any CPU.ActiveCfg = Release|Any CPU
		{CE7A465B-0DDF-7C44-1756-767BC91044DD}.Release|Any CPU.Build.0 = Release|Any CPU
		{67533EBD-E8E3-805D-E231-A4DDED9C28E3}.Debug|Any CPU.ActiveCfg = Debug|Any CPU
		{67533EBD-E8E3-805D-E231-A4DDED9C28E3}.Debug|Any CPU.Build.0 = Debug|Any CPU
		{67533EBD-E8E3-805D-E231-A4DDED9C28E3}.Release|Any CPU.ActiveCfg = Release|Any CPU
		{67533EBD-E8E3-805D-E231-A4DDED9C28E3}.Release|Any CPU.Build.0 = Release|Any CPU
	EndGlobalSection
	GlobalSection(SolutionProperties) = preSolution
		HideSolutionNode = FALSE
	EndGlobalSection
	GlobalSection(MonoDevelopProperties) = preSolution
		StartupItem = Assembly-CSharp.csproj
	EndGlobalSection
EndGlobal
